
Microsoft Visual Studio Solution File, Format Version 12.00
# Visual Studio Version 17
VisualStudioVersion = 17.8.34525.116
MinimumVisualStudioVersion = 10.0.40219.1
Project("{FAE04EC0-301F-11D3-BF4B-00C04F79EFBC}") = "Osman_1281404", "Osman_1281404\Osman_1281404.csproj", "{0ED1F09B-561B-4E4D-B82C-8C83646C6EA0}"
EndProject
Global
	GlobalSection(SolutionConfigurationPlatforms) = preSolution
		Debug|Any CPU = Debug|Any CPU
		Release|Any CPU = Release|Any CPU
	EndGlobalSection
	GlobalSection(ProjectConfigurationPlatforms) = postSolution
		{0ED1F09B-561B-4E4D-B82C-8C83646C6EA0}.Debug|Any CPU.ActiveCfg = Debug|Any CPU
		{0ED1F09B-561B-4E4D-B82C-8C83646C6EA0}.Debug|Any CPU.Build.0 = Debug|Any CPU
		{0ED1F09B-561B-4E4D-B82C-8C83646C6EA0}.Release|Any CPU.ActiveCfg = Release|Any CPU
		{0ED1F09B-561B-4E4D-B82C-8C83646C6EA0}.Release|Any CPU.Build.0 = Release|Any CPU
	EndGlobalSection
	GlobalSection(SolutionProperties) = preSolution
		HideSolutionNode = FALSE
	EndGlobalSection
	GlobalSection(ExtensibilityGlobals) = postSolution
		SolutionGuid = {32A1E928-915D-440D-A1A3-6992527610C8}
	EndGlobalSection
EndGlobal
